
Microsoft Visual Studio Solution File, Format Version 12.00
# Visual Studio Version 17
VisualStudioVersion = 17.5.2.0
MinimumVisualStudioVersion = 10.0.40219.1
Project("{2150E333-8FDC-42A3-9474-1A3956D46DE8}") = "src", "src", "{827E0CD3-B72D-47B6-A68D-7590B98EB39B}"
EndProject
Project("{FAE04EC0-301F-11D3-BF4B-00C04F79EFBC}") = "ApiSource", "src\ApiSource\ApiSource.csproj", "{AE6D864A-3A08-F586-820D-7323A4B91B45}"
EndProject
Project("{FAE04EC0-301F-11D3-BF4B-00C04F79EFBC}") = "CustomerOpinionsETL.Core", "src\CustomerOpinionsETL.Core\CustomerOpinionsETL.Core.csproj", "{55EFE4A9-7184-1120-6A96-5148EF3AB57A}"
EndProject
Project("{FAE04EC0-301F-11D3-BF4B-00C04F79EFBC}") = "CustomerOpinionsETL.Infrastructure", "src\CustomerOpinionsETL.Infrastructure\CustomerOpinionsETL.Infrastructure.csproj", "{642B267A-F800-B07E-99F0-E80BBCB438B5}"
EndProject
Project("{FAE04EC0-301F-11D3-BF4B-00C04F79EFBC}") = "CustomerOpinionsETL.Worker", "src\CustomerOpinionsETL.Worker\CustomerOpinionsETL.Worker.csproj", "{E7831C0F-B645-8403-3C6B-D0D2D12009FC}"
EndProject
Project("{FAE04EC0-301F-11D3-BF4B-00C04F79EFBC}") = "CustomerOpinionsETL.Dashboard", "src\CustomerOpinionsETL.Dashboard\CustomerOpinionsETL.Dashboard.csproj", "{D2195794-2FB4-4D4F-B761-3C46F9D73AF2}"
EndProject
Project("{FAE04EC0-301F-11D3-BF4B-00C04F79EFBC}") = "CustomerOpinionsDashboard", "src\CustomerOpinionsDashboard\CustomerOpinionsDashboard.csproj", "{CB39F44C-3FCC-4F84-ACF8-52A6BD5A9DB4}"
EndProject
Global
	GlobalSection(SolutionConfigurationPlatforms) = preSolution
		Debug|Any CPU = Debug|Any CPU
		Debug|x64 = Debug|x64
		Debug|x86 = Debug|x86
		Release|Any CPU = Release|Any CPU
		Release|x64 = Release|x64
		Release|x86 = Release|x86
	EndGlobalSection
	GlobalSection(ProjectConfigurationPlatforms) = postSolution
		{AE6D864A-3A08-F586-820D-7323A4B91B45}.Debug|Any CPU.ActiveCfg = Debug|Any CPU
		{AE6D864A-3A08-F586-820D-7323A4B91B45}.Debug|Any CPU.Build.0 = Debug|Any CPU
		{AE6D864A-3A08-F586-820D-7323A4B91B45}.Debug|x64.ActiveCfg = Debug|Any CPU
		{AE6D864A-3A08-F586-820D-7323A4B91B45}.Debug|x64.Build.0 = Debug|Any CPU
		{AE6D864A-3A08-F586-820D-7323A4B91B45}.Debug|x86.ActiveCfg = Debug|Any CPU
		{AE6D864A-3A08-F586-820D-7323A4B91B45}.Debug|x86.Build.0 = Debug|Any CPU
		{AE6D864A-3A08-F586-820D-7323A4B91B45}.Release|Any CPU.ActiveCfg = Release|Any CPU
		{AE6D864A-3A08-F586-820D-7323A4B91B45}.Release|Any CPU.Build.0 = Release|Any CPU
		{AE6D864A-3A08-F586-820D-7323A4B91B45}.Release|x64.ActiveCfg = Release|Any CPU
		{AE6D864A-3A08-F586-820D-7323A4B91B45}.Release|x64.Build.0 = Release|Any CPU
		{AE6D864A-3A08-F586-820D-7323A4B91B45}.Release|x86.ActiveCfg = Release|Any CPU
		{AE6D864A-3A08-F586-820D-7323A4B91B45}.Release|x86.Build.0 = Release|Any CPU
		{55EFE4A9-7184-1120-6A96-5148EF3AB57A}.Debug|Any CPU.ActiveCfg = Debug|Any CPU
		{55EFE4A9-7184-1120-6A96-5148EF3AB57A}.Debug|Any CPU.Build.0 = Debug|Any CPU
		{55EFE4A9-7184-1120-6A96-5148EF3AB57A}.Debug|x64.ActiveCfg = Debug|Any CPU
		{55EFE4A9-7184-1120-6A96-5148EF3AB57A}.Debug|x64.Build.0 = Debug|Any CPU
		{55EFE4A9-7184-1120-6A96-5148EF3AB57A}.Debug|x86.ActiveCfg = Debug|Any CPU
		{55EFE4A9-7184-1120-6A96-5148EF3AB57A}.Debug|x86.Build.0 = Debug|Any CPU
		{55EFE4A9-7184-1120-6A96-5148EF3AB57A}.Release|Any CPU.ActiveCfg = Release|Any CPU
		{55EFE4A9-7184-1120-6A96-5148EF3AB57A}.Release|Any CPU.Build.0 = Release|Any CPU
		{55EFE4A9-7184-1120-6A96-5148EF3AB57A}.Release|x64.ActiveCfg = Release|Any CPU
		{55EFE4A9-7184-1120-6A96-5148EF3AB57A}.Release|x64.Build.0 = Release|Any CPU
		{55EFE4A9-7184-1120-6A96-5148EF3AB57A}.Release|x86.ActiveCfg = Release|Any CPU
		{55EFE4A9-7184-1120-6A96-5148EF3AB57A}.Release|x86.Build.0 = Release|Any CPU
		{642B267A-F800-B07E-99F0-E80BBCB438B5}.Debug|Any CPU.ActiveCfg = Debug|Any CPU
		{642B267A-F800-B07E-99F0-E80BBCB438B5}.Debug|Any CPU.Build.0 = Debug|Any CPU
		{642B267A-F800-B07E-99F0-E80BBCB438B5}.Debug|x64.ActiveCfg = Debug|Any CPU
		{642B267A-F800-B07E-99F0-E80BBCB438B5}.Debug|x64.Build.0 = Debug|Any CPU
		{642B267A-F800-B07E-99F0-E80BBCB438B5}.Debug|x86.ActiveCfg = Debug|Any CPU
		{642B267A-F800-B07E-99F0-E80BBCB438B5}.Debug|x86.Build.0 = Debug|Any CPU
		{642B267A-F800-B07E-99F0-E80BBCB438B5}.Release|Any CPU.ActiveCfg = Release|Any CPU
		{642B267A-F800-B07E-99F0-E80BBCB438B5}.Release|Any CPU.Build.0 = Release|Any CPU
		{642B267A-F800-B07E-99F0-E80BBCB438B5}.Release|x64.ActiveCfg = Release|Any CPU
		{642B267A-F800-B07E-99F0-E80BBCB438B5}.Release|x64.Build.0 = Release|Any CPU
		{642B267A-F800-B07E-99F0-E80BBCB438B5}.Release|x86.ActiveCfg = Release|Any CPU
		{642B267A-F800-B07E-99F0-E80BBCB438B5}.Release|x86.Build.0 = Release|Any CPU
		{E7831C0F-B645-8403-3C6B-D0D2D12009FC}.Debug|Any CPU.ActiveCfg = Debug|Any CPU
		{E7831C0F-B645-8403-3C6B-D0D2D12009FC}.Debug|Any CPU.Build.0 = Debug|Any CPU
		{E7831C0F-B645-8403-3C6B-D0D2D12009FC}.Debug|x64.ActiveCfg = Debug|Any CPU
		{E7831C0F-B645-8403-3C6B-D0D2D12009FC}.Debug|x64.Build.0 = Debug|Any CPU
		{E7831C0F-B645-8403-3C6B-D0D2D12009FC}.Debug|x86.ActiveCfg = Debug|Any CPU
		{E7831C0F-B645-8403-3C6B-D0D2D12009FC}.Debug|x86.Build.0 = Debug|Any CPU
		{E7831C0F-B645-8403-3C6B-D0D2D12009FC}.Release|Any CPU.ActiveCfg = Release|Any CPU
		{E7831C0F-B645-8403-3C6B-D0D2D12009FC}.Release|Any CPU.Build.0 = Release|Any CPU
		{E7831C0F-B645-8403-3C6B-D0D2D12009FC}.Release|x64.ActiveCfg = Release|Any CPU
		{E7831C0F-B645-8403-3C6B-D0D2D12009FC}.Release|x64.Build.0 = Release|Any CPU
		{E7831C0F-B645-8403-3C6B-D0D2D12009FC}.Release|x86.ActiveCfg = Release|Any CPU
		{E7831C0F-B645-8403-3C6B-D0D2D12009FC}.Release|x86.Build.0 = Release|Any CPU
		{D2195794-2FB4-4D4F-B761-3C46F9D73AF2}.Debug|Any CPU.ActiveCfg = Debug|Any CPU
		{D2195794-2FB4-4D4F-B761-3C46F9D73AF2}.Debug|Any CPU.Build.0 = Debug|Any CPU
		{D2195794-2FB4-4D4F-B761-3C46F9D73AF2}.Debug|x64.ActiveCfg = Debug|Any CPU
		{D2195794-2FB4-4D4F-B761-3C46F9D73AF2}.Debug|x64.Build.0 = Debug|Any CPU
		{D2195794-2FB4-4D4F-B761-3C46F9D73AF2}.Debug|x86.ActiveCfg = Debug|Any CPU
		{D2195794-2FB4-4D4F-B761-3C46F9D73AF2}.Debug|x86.Build.0 = Debug|Any CPU
		{D2195794-2FB4-4D4F-B761-3C46F9D73AF2}.Release|Any CPU.ActiveCfg = Release|Any CPU
		{D2195794-2FB4-4D4F-B761-3C46F9D73AF2}.Release|Any CPU.Build.0 = Release|Any CPU
		{D2195794-2FB4-4D4F-B761-3C46F9D73AF2}.Release|x64.ActiveCfg = Release|Any CPU
		{D2195794-2FB4-4D4F-B761-3C46F9D73AF2}.Release|x64.Build.0 = Release|Any CPU
		{D2195794-2FB4-4D4F-B761-3C46F9D73AF2}.Release|x86.ActiveCfg = Release|Any CPU
		{D2195794-2FB4-4D4F-B761-3C46F9D73AF2}.Release|x86.Build.0 = Release|Any CPU
		{CB39F44C-3FCC-4F84-ACF8-52A6BD5A9DB4}.Debug|Any CPU.ActiveCfg = Debug|Any CPU
		{CB39F44C-3FCC-4F84-ACF8-52A6BD5A9DB4}.Debug|Any CPU.Build.0 = Debug|Any CPU
		{CB39F44C-3FCC-4F84-ACF8-52A6BD5A9DB4}.Debug|x64.ActiveCfg = Debug|Any CPU
		{CB39F44C-3FCC-4F84-ACF8-52A6BD5A9DB4}.Debug|x64.Build.0 = Debug|Any CPU
		{CB39F44C-3FCC-4F84-ACF8-52A6BD5A9DB4}.Debug|x86.ActiveCfg = Debug|Any CPU
		{CB39F44C-3FCC-4F84-ACF8-52A6BD5A9DB4}.Debug|x86.Build.0 = Debug|Any CPU
		{CB39F44C-3FCC-4F84-ACF8-52A6BD5A9DB4}.Release|Any CPU.ActiveCfg = Release|Any CPU
		{CB39F44C-3FCC-4F84-ACF8-52A6BD5A9DB4}.Release|Any CPU.Build.0 = Release|Any CPU
		{CB39F44C-3FCC-4F84-ACF8-52A6BD5A9DB4}.Release|x64.ActiveCfg = Release|Any CPU
		{CB39F44C-3FCC-4F84-ACF8-52A6BD5A9DB4}.Release|x64.Build.0 = Release|Any CPU
		{CB39F44C-3FCC-4F84-ACF8-52A6BD5A9DB4}.Release|x86.ActiveCfg = Release|Any CPU
		{CB39F44C-3FCC-4F84-ACF8-52A6BD5A9DB4}.Release|x86.Build.0 = Release|Any CPU
	EndGlobalSection
	GlobalSection(SolutionProperties) = preSolution
		HideSolutionNode = FALSE
	EndGlobalSection
	GlobalSection(NestedProjects) = preSolution
		{AE6D864A-3A08-F586-820D-7323A4B91B45} = {827E0CD3-B72D-47B6-A68D-7590B98EB39B}
		{55EFE4A9-7184-1120-6A96-5148EF3AB57A} = {827E0CD3-B72D-47B6-A68D-7590B98EB39B}
		{642B267A-F800-B07E-99F0-E80BBCB438B5} = {827E0CD3-B72D-47B6-A68D-7590B98EB39B}
		{E7831C0F-B645-8403-3C6B-D0D2D12009FC} = {827E0CD3-B72D-47B6-A68D-7590B98EB39B}
		{D2195794-2FB4-4D4F-B761-3C46F9D73AF2} = {827E0CD3-B72D-47B6-A68D-7590B98EB39B}
		{CB39F44C-3FCC-4F84-ACF8-52A6BD5A9DB4} = {827E0CD3-B72D-47B6-A68D-7590B98EB39B}
	EndGlobalSection
	GlobalSection(ExtensibilityGlobals) = postSolution
		SolutionGuid = {34B36187-CD33-4012-97DD-0AB97A104E6D}
	EndGlobalSection
EndGlobal
